
Microsoft Visual Studio Solution File, Format Version 12.00
# Visual Studio Version 17
VisualStudioVersion = 17.13.35818.85 d17.13
MinimumVisualStudioVersion = 10.0.40219.1
Project("{FAE04EC0-301F-11D3-BF4B-00C04F79EFBC}") = "Lab5-6", "Lab5-6\Lab5-6.csproj", "{5A861C52-B873-4126-9FC5-57400E16022A}"
EndProject
Global
	GlobalSection(SolutionConfigurationPlatforms) = preSolution
		Debug|Any CPU = Debug|Any CPU
		Release|Any CPU = Release|Any CPU
	EndGlobalSection
	GlobalSection(ProjectConfigurationPlatforms) = postSolution
		{5A861C52-B873-4126-9FC5-57400E16022A}.Debug|Any CPU.ActiveCfg = Debug|Any CPU
		{5A861C52-B873-4126-9FC5-57400E16022A}.Debug|Any CPU.Build.0 = Debug|Any CPU
		{5A861C52-B873-4126-9FC5-57400E16022A}.Release|Any CPU.ActiveCfg = Release|Any CPU
		{5A861C52-B873-4126-9FC5-57400E16022A}.Release|Any CPU.Build.0 = Release|Any CPU
	EndGlobalSection
	GlobalSection(SolutionProperties) = preSolution
		HideSolutionNode = FALSE
	EndGlobalSection
	GlobalSection(ExtensibilityGlobals) = postSolution
		SolutionGuid = {F350CB2C-B7F7-4BC1-BDB4-B25496775293}
	EndGlobalSection
EndGlobal
