
Microsoft Visual Studio Solution File, Format Version 12.00
# Visual Studio Version 17
VisualStudioVersion = 17.13.35818.85 d17.13
MinimumVisualStudioVersion = 10.0.40219.1
Project("{FAE04EC0-301F-11D3-BF4B-00C04F79EFBC}") = "1_1", "1_1\1_1.csproj", "{FC5C9BF7-8DAD-40B0-B798-FC204A8AC10D}"
EndProject
Project("{FAE04EC0-301F-11D3-BF4B-00C04F79EFBC}") = "1_2", "1_2\1_2.csproj", "{B6B7329B-F0FF-424F-9682-642BE23A6BC7}"
EndProject
Project("{FAE04EC0-301F-11D3-BF4B-00C04F79EFBC}") = "1_3", "1_3\1_3.csproj", "{CF0BE276-0EC4-4F65-B67C-713383FF73AC}"
EndProject
Project("{FAE04EC0-301F-11D3-BF4B-00C04F79EFBC}") = "1_4", "1_4\1_4.csproj", "{580081B4-2C3B-487E-925A-5DFB3C7F1F2A}"
EndProject
Project("{FAE04EC0-301F-11D3-BF4B-00C04F79EFBC}") = "1_5", "1_5\1_5.csproj", "{FE22E135-FA34-41FC-BC61-B38E57CA8721}"
EndProject
Project("{FAE04EC0-301F-11D3-BF4B-00C04F79EFBC}") = "1_6", "1_6\1_6.csproj", "{83018A62-56C0-404B-A1C7-B10A3441CD1A}"
EndProject
Project("{FAE04EC0-301F-11D3-BF4B-00C04F79EFBC}") = "1_7", "1_7\1_7.csproj", "{C9723801-96E5-488B-90BD-91F4BF0C157B}"
EndProject
Project("{FAE04EC0-301F-11D3-BF4B-00C04F79EFBC}") = "1_1_1", "1_1_1\1_1_1.csproj", "{025FCD38-7EFA-4518-9FCA-518399FDF2A8}"
EndProject
Project("{FAE04EC0-301F-11D3-BF4B-00C04F79EFBC}") = "1_2_wait", "1_2_wait\1_2_wait.csproj", "{460AA7B2-3F6B-4696-B447-40E49A3158FB}"
EndProject
Project("{FAE04EC0-301F-11D3-BF4B-00C04F79EFBC}") = "2_2-5", "2_2\2_2-5.csproj", "{87E5D650-E32A-4CB3-AC6B-AFC15E125487}"
EndProject
Global
	GlobalSection(SolutionConfigurationPlatforms) = preSolution
		Debug|Any CPU = Debug|Any CPU
		Release|Any CPU = Release|Any CPU
	EndGlobalSection
	GlobalSection(ProjectConfigurationPlatforms) = postSolution
		{FC5C9BF7-8DAD-40B0-B798-FC204A8AC10D}.Debug|Any CPU.ActiveCfg = Debug|Any CPU
		{FC5C9BF7-8DAD-40B0-B798-FC204A8AC10D}.Debug|Any CPU.Build.0 = Debug|Any CPU
		{FC5C9BF7-8DAD-40B0-B798-FC204A8AC10D}.Release|Any CPU.ActiveCfg = Release|Any CPU
		{FC5C9BF7-8DAD-40B0-B798-FC204A8AC10D}.Release|Any CPU.Build.0 = Release|Any CPU
		{B6B7329B-F0FF-424F-9682-642BE23A6BC7}.Debug|Any CPU.ActiveCfg = Debug|Any CPU
		{B6B7329B-F0FF-424F-9682-642BE23A6BC7}.Debug|Any CPU.Build.0 = Debug|Any CPU
		{B6B7329B-F0FF-424F-9682-642BE23A6BC7}.Release|Any CPU.ActiveCfg = Release|Any CPU
		{B6B7329B-F0FF-424F-9682-642BE23A6BC7}.Release|Any CPU.Build.0 = Release|Any CPU
		{CF0BE276-0EC4-4F65-B67C-713383FF73AC}.Debug|Any CPU.ActiveCfg = Debug|Any CPU
		{CF0BE276-0EC4-4F65-B67C-713383FF73AC}.Debug|Any CPU.Build.0 = Debug|Any CPU
		{CF0BE276-0EC4-4F65-B67C-713383FF73AC}.Release|Any CPU.ActiveCfg = Release|Any CPU
		{CF0BE276-0EC4-4F65-B67C-713383FF73AC}.Release|Any CPU.Build.0 = Release|Any CPU
		{580081B4-2C3B-487E-925A-5DFB3C7F1F2A}.Debug|Any CPU.ActiveCfg = Debug|Any CPU
		{580081B4-2C3B-487E-925A-5DFB3C7F1F2A}.Debug|Any CPU.Build.0 = Debug|Any CPU
		{580081B4-2C3B-487E-925A-5DFB3C7F1F2A}.Release|Any CPU.ActiveCfg = Release|Any CPU
		{580081B4-2C3B-487E-925A-5DFB3C7F1F2A}.Release|Any CPU.Build.0 = Release|Any CPU
		{FE22E135-FA34-41FC-BC61-B38E57CA8721}.Debug|Any CPU.ActiveCfg = Debug|Any CPU
		{FE22E135-FA34-41FC-BC61-B38E57CA8721}.Debug|Any CPU.Build.0 = Debug|Any CPU
		{FE22E135-FA34-41FC-BC61-B38E57CA8721}.Release|Any CPU.ActiveCfg = Release|Any CPU
		{FE22E135-FA34-41FC-BC61-B38E57CA8721}.Release|Any CPU.Build.0 = Release|Any CPU
		{83018A62-56C0-404B-A1C7-B10A3441CD1A}.Debug|Any CPU.ActiveCfg = Debug|Any CPU
		{83018A62-56C0-404B-A1C7-B10A3441CD1A}.Debug|Any CPU.Build.0 = Debug|Any CPU
		{83018A62-56C0-404B-A1C7-B10A3441CD1A}.Release|Any CPU.ActiveCfg = Release|Any CPU
		{83018A62-56C0-404B-A1C7-B10A3441CD1A}.Release|Any CPU.Build.0 = Release|Any CPU
		{C9723801-96E5-488B-90BD-91F4BF0C157B}.Debug|Any CPU.ActiveCfg = Debug|Any CPU
		{C9723801-96E5-488B-90BD-91F4BF0C157B}.Debug|Any CPU.Build.0 = Debug|Any CPU
		{C9723801-96E5-488B-90BD-91F4BF0C157B}.Release|Any CPU.ActiveCfg = Release|Any CPU
		{C9723801-96E5-488B-90BD-91F4BF0C157B}.Release|Any CPU.Build.0 = Release|Any CPU
		{025FCD38-7EFA-4518-9FCA-518399FDF2A8}.Debug|Any CPU.ActiveCfg = Debug|Any CPU
		{025FCD38-7EFA-4518-9FCA-518399FDF2A8}.Debug|Any CPU.Build.0 = Debug|Any CPU
		{025FCD38-7EFA-4518-9FCA-518399FDF2A8}.Release|Any CPU.ActiveCfg = Release|Any CPU
		{025FCD38-7EFA-4518-9FCA-518399FDF2A8}.Release|Any CPU.Build.0 = Release|Any CPU
		{460AA7B2-3F6B-4696-B447-40E49A3158FB}.Debug|Any CPU.ActiveCfg = Debug|Any CPU
		{460AA7B2-3F6B-4696-B447-40E49A3158FB}.Debug|Any CPU.Build.0 = Debug|Any CPU
		{460AA7B2-3F6B-4696-B447-40E49A3158FB}.Release|Any CPU.ActiveCfg = Release|Any CPU
		{460AA7B2-3F6B-4696-B447-40E49A3158FB}.Release|Any CPU.Build.0 = Release|Any CPU
		{87E5D650-E32A-4CB3-AC6B-AFC15E125487}.Debug|Any CPU.ActiveCfg = Debug|Any CPU
		{87E5D650-E32A-4CB3-AC6B-AFC15E125487}.Debug|Any CPU.Build.0 = Debug|Any CPU
		{87E5D650-E32A-4CB3-AC6B-AFC15E125487}.Release|Any CPU.ActiveCfg = Release|Any CPU
		{87E5D650-E32A-4CB3-AC6B-AFC15E125487}.Release|Any CPU.Build.0 = Release|Any CPU
	EndGlobalSection
	GlobalSection(SolutionProperties) = preSolution
		HideSolutionNode = FALSE
	EndGlobalSection
	GlobalSection(ExtensibilityGlobals) = postSolution
		SolutionGuid = {61CE423C-46B1-4E66-85CC-D1B9146F5FB7}
	EndGlobalSection
EndGlobal
